Microsoft Visual Studio Solution File, Format Version 11.00
# Visual Studio 2008

Project("{F5979ED6-A04A-BD77-E64E-C617C53B22F4}") = "personal_test_project", "Assembly-CSharp.csproj", "{67A14992-8949-87B7-1D3C-924DDA1A2D9A}"
EndProject
Global
	GlobalSection(SolutionConfigurationPlatforms) = preSolution
		Debug|Any CPU = Debug|Any CPU
		Release|Any CPU = Release|Any CPU
	EndGlobalSection
	GlobalSection(ProjectConfigurationPlatforms) = postSolution
		{67A14992-8949-87B7-1D3C-924DDA1A2D9A}.Debug|Any CPU.ActiveCfg = Debug|Any CPU
		{67A14992-8949-87B7-1D3C-924DDA1A2D9A}.Debug|Any CPU.Build.0 = Debug|Any CPU
		{67A14992-8949-87B7-1D3C-924DDA1A2D9A}.Release|Any CPU.ActiveCfg = Release|Any CPU
		{67A14992-8949-87B7-1D3C-924DDA1A2D9A}.Release|Any CPU.Build.0 = Release|Any CPU
	EndGlobalSection
	GlobalSection(SolutionProperties) = preSolution
		HideSolutionNode = FALSE
	EndGlobalSection
																																																										GlobalSection(MonoDevelopProperties) = preSolution
		StartupItem = Assembly-CSharp.csproj
		Policies = $0
		$0.TextStylePolicy = $1
		$1.inheritsSet = null
		$1.scope = text/x-csharp
		$0.CSharpFormattingPolicy = $2
		$2.inheritsSet = Mono
		$2.inheritsScope = text/x-csharp
		$2.scope = text/x-csharp
		$0.TextStylePolicy = $3
		$3.FileWidth = 120
		$3.TabWidth = 4
		$3.EolMarker = Unix
		$3.inheritsSet = Mono
		$3.inheritsScope = text/plain
		$3.scope = text/plain
	EndGlobalSection

EndGlobal
